
Microsoft Visual Studio Solution File, Format Version 12.00
# Visual Studio 15
VisualStudioVersion = 15.0.27703.2018
MinimumVisualStudioVersion = 10.0.40219.1
Project("{8BC9CEB8-8B4A-11D0-8D11-00A0C91BC942}") = "commitpad", "commitpad.vcxproj", "{294B87C4-0E8B-3392-AD51-B6A1D42D8BCF}"
EndProject
Global
	GlobalSection(SolutionConfigurationPlatforms) = preSolution
		Debug|x64 = Debug|x64
		Release|x64 = Release|x64
	EndGlobalSection
	GlobalSection(ProjectConfigurationPlatforms) = postSolution
		{294B87C4-0E8B-3392-AD51-B6A1D42D8BCF}.Debug|x64.ActiveCfg = Debug|x64
		{294B87C4-0E8B-3392-AD51-B6A1D42D8BCF}.Debug|x64.Build.0 = Debug|x64
		{294B87C4-0E8B-3392-AD51-B6A1D42D8BCF}.Release|x64.ActiveCfg = Release|x64
		{294B87C4-0E8B-3392-AD51-B6A1D42D8BCF}.Release|x64.Build.0 = Release|x64
	EndGlobalSection
	GlobalSection(SolutionProperties) = preSolution
		HideSolutionNode = FALSE
	EndGlobalSection
	GlobalSection(ExtensibilityGlobals) = postSolution
		Qt5Version = 5.11.0
		SolutionGuid = {83E2AC98-6C9C-4394-815C-9D2D73EE1107}
	EndGlobalSection
EndGlobal
